
Microsoft Visual Studio Solution File, Format Version 12.00
# Visual Studio 14
VisualStudioVersion = 14.0.23107.0
MinimumVisualStudioVersion = 10.0.40219.1
Project("{FAE04EC0-301F-11D3-BF4B-00C04F79EFBC}") = "SharpStandup", "SharpStandup\SharpStandup.csproj", "{230BCEFD-4506-45EF-B482-53C9E95FD746}"
EndProject
Project("{FAE04EC0-301F-11D3-BF4B-00C04F79EFBC}") = "SharpStandup.Tests", "SharpStandup.Tests\SharpStandup.Tests.csproj", "{9564BD0A-6ABB-4465-84AD-9E1610255640}"
EndProject
Global
	GlobalSection(SolutionConfigurationPlatforms) = preSolution
		Debug|Any CPU = Debug|Any CPU
		Release|Any CPU = Release|Any CPU
	EndGlobalSection
	GlobalSection(ProjectConfigurationPlatforms) = postSolution
		{230BCEFD-4506-45EF-B482-53C9E95FD746}.Debug|Any CPU.ActiveCfg = Debug|Any CPU
		{230BCEFD-4506-45EF-B482-53C9E95FD746}.Debug|Any CPU.Build.0 = Debug|Any CPU
		{230BCEFD-4506-45EF-B482-53C9E95FD746}.Release|Any CPU.ActiveCfg = Release|Any CPU
		{230BCEFD-4506-45EF-B482-53C9E95FD746}.Release|Any CPU.Build.0 = Release|Any CPU
		{9564BD0A-6ABB-4465-84AD-9E1610255640}.Debug|Any CPU.ActiveCfg = Debug|Any CPU
		{9564BD0A-6ABB-4465-84AD-9E1610255640}.Debug|Any CPU.Build.0 = Debug|Any CPU
		{9564BD0A-6ABB-4465-84AD-9E1610255640}.Release|Any CPU.ActiveCfg = Release|Any CPU
		{9564BD0A-6ABB-4465-84AD-9E1610255640}.Release|Any CPU.Build.0 = Release|Any CPU
	EndGlobalSection
	GlobalSection(SolutionProperties) = preSolution
		HideSolutionNode = FALSE
	EndGlobalSection
EndGlobal
